
Microsoft Visual Studio Solution File, Format Version 12.00
# Visual Studio Version 17
VisualStudioVersion = 17.3.32811.315
MinimumVisualStudioVersion = 10.0.40219.1
Project("{FAE04EC0-301F-11D3-BF4B-00C04F79EFBC}") = "AzureFunctionApp1", "AzureFunctionApp1.csproj", "{DA98B58E-0CD4-4229-8FE0-A4AC98AB39FC}"
EndProject
Global
	GlobalSection(SolutionConfigurationPlatforms) = preSolution
		Debug|Any CPU = Debug|Any CPU
		Release|Any CPU = Release|Any CPU
	EndGlobalSection
	GlobalSection(ProjectConfigurationPlatforms) = postSolution
		{DA98B58E-0CD4-4229-8FE0-A4AC98AB39FC}.Debug|Any CPU.ActiveCfg = Debug|Any CPU
		{DA98B58E-0CD4-4229-8FE0-A4AC98AB39FC}.Debug|Any CPU.Build.0 = Debug|Any CPU
		{DA98B58E-0CD4-4229-8FE0-A4AC98AB39FC}.Release|Any CPU.ActiveCfg = Release|Any CPU
		{DA98B58E-0CD4-4229-8FE0-A4AC98AB39FC}.Release|Any CPU.Build.0 = Release|Any CPU
	EndGlobalSection
	GlobalSection(SolutionProperties) = preSolution
		HideSolutionNode = FALSE
	EndGlobalSection
	GlobalSection(ExtensibilityGlobals) = postSolution
		SolutionGuid = {778EC33F-29BC-4F11-8C12-5E6F7C670187}
	EndGlobalSection
EndGlobal
